
Microsoft Visual Studio Solution File, Format Version 12.00
# Visual Studio Version 17
VisualStudioVersion = 17.12.35707.178
MinimumVisualStudioVersion = 10.0.40219.1
Project("{2150E333-8FDC-42A3-9474-1A3956D46DE8}") = "Source", "Source", "{F9B89021-4F9A-482F-9FF0-FBAD67409F9F}"
EndProject
Project("{2150E333-8FDC-42A3-9474-1A3956D46DE8}") = "WebApp", "WebApp", "{B6F5AF37-2437-4869-B812-10129F81EEDA}"
EndProject
Project("{2150E333-8FDC-42A3-9474-1A3956D46DE8}") = "Core", "Core", "{49CFBF89-4847-4EB4-BA4C-C2B13783951F}"
EndProject
Project("{2150E333-8FDC-42A3-9474-1A3956D46DE8}") = "Infrastructure", "Infrastructure", "{760C0AED-9CFF-4B4E-B198-D763435432AF}"
EndProject
Project("{2150E333-8FDC-42A3-9474-1A3956D46DE8}") = "Presentation", "Presentation", "{7E909E49-4E48-4147-891F-80A19533387E}"
EndProject
Project("{2150E333-8FDC-42A3-9474-1A3956D46DE8}") = "WebAPI", "WebAPI", "{7CA86505-A444-4C63-A02A-ACBDA01A9DD8}"
EndProject
Project("{FAE04EC0-301F-11D3-BF4B-00C04F79EFBC}") = "RealEstateApp.Core.Application", "RealEstateApp.Core.Application\RealEstateApp.Core.Application.csproj", "{A949B8EA-4932-428D-88F2-DAF2BE1B7142}"
EndProject
Project("{FAE04EC0-301F-11D3-BF4B-00C04F79EFBC}") = "RealEstateApp.Core.Domain", "RealEstateApp.Core.Domain\RealEstateApp.Core.Domain.csproj", "{4E8A2235-7DDD-44B8-BCBF-1CA8160EADBB}"
EndProject
Project("{FAE04EC0-301F-11D3-BF4B-00C04F79EFBC}") = "RealEstateApp.Infrastructure.Identity", "RealEstateApp.Infrastructure.Identity\RealEstateApp.Infrastructure.Identity.csproj", "{1BF2D1FD-0F6D-4CC7-85BB-D28A0A7B92DE}"
EndProject
Project("{FAE04EC0-301F-11D3-BF4B-00C04F79EFBC}") = "RealEstateApp.Infrastructure.Persistence", "RealEstateApp.Infrastructure.Persistence\RealEstateApp.Infrastructure.Persistence.csproj", "{58B8AFA7-CA40-44E1-AA99-C74121C33085}"
EndProject
Project("{FAE04EC0-301F-11D3-BF4B-00C04F79EFBC}") = "RealEstateApp.Infrastructure.Shared", "RealEstateApp.Infrastructure.Shared\RealEstateApp.Infrastructure.Shared.csproj", "{44DBAD0E-4ABA-4C38-8276-36B9BBF9B948}"
EndProject
Project("{FAE04EC0-301F-11D3-BF4B-00C04F79EFBC}") = "RealEstateAPI", "RealEstateAPI\RealEstateAPI.csproj", "{094363F1-8F8C-4D20-AE0E-C9947207A3E7}"
EndProject
Project("{FAE04EC0-301F-11D3-BF4B-00C04F79EFBC}") = "RealEstateApp", "RealEstateApp\RealEstateApp.csproj", "{477A93F6-E177-4B8C-BAC9-A025BEDF2A92}"
EndProject
Global
	GlobalSection(SolutionConfigurationPlatforms) = preSolution
		Debug|Any CPU = Debug|Any CPU
		Release|Any CPU = Release|Any CPU
	EndGlobalSection
	GlobalSection(ProjectConfigurationPlatforms) = postSolution
		{A949B8EA-4932-428D-88F2-DAF2BE1B7142}.Debug|Any CPU.ActiveCfg = Debug|Any CPU
		{A949B8EA-4932-428D-88F2-DAF2BE1B7142}.Debug|Any CPU.Build.0 = Debug|Any CPU
		{A949B8EA-4932-428D-88F2-DAF2BE1B7142}.Release|Any CPU.ActiveCfg = Release|Any CPU
		{A949B8EA-4932-428D-88F2-DAF2BE1B7142}.Release|Any CPU.Build.0 = Release|Any CPU
		{4E8A2235-7DDD-44B8-BCBF-1CA8160EADBB}.Debug|Any CPU.ActiveCfg = Debug|Any CPU
		{4E8A2235-7DDD-44B8-BCBF-1CA8160EADBB}.Debug|Any CPU.Build.0 = Debug|Any CPU
		{4E8A2235-7DDD-44B8-BCBF-1CA8160EADBB}.Release|Any CPU.ActiveCfg = Release|Any CPU
		{4E8A2235-7DDD-44B8-BCBF-1CA8160EADBB}.Release|Any CPU.Build.0 = Release|Any CPU
		{1BF2D1FD-0F6D-4CC7-85BB-D28A0A7B92DE}.Debug|Any CPU.ActiveCfg = Debug|Any CPU
		{1BF2D1FD-0F6D-4CC7-85BB-D28A0A7B92DE}.Debug|Any CPU.Build.0 = Debug|Any CPU
		{1BF2D1FD-0F6D-4CC7-85BB-D28A0A7B92DE}.Release|Any CPU.ActiveCfg = Release|Any CPU
		{1BF2D1FD-0F6D-4CC7-85BB-D28A0A7B92DE}.Release|Any CPU.Build.0 = Release|Any CPU
		{58B8AFA7-CA40-44E1-AA99-C74121C33085}.Debug|Any CPU.ActiveCfg = Debug|Any CPU
		{58B8AFA7-CA40-44E1-AA99-C74121C33085}.Debug|Any CPU.Build.0 = Debug|Any CPU
		{58B8AFA7-CA40-44E1-AA99-C74121C33085}.Release|Any CPU.ActiveCfg = Release|Any CPU
		{58B8AFA7-CA40-44E1-AA99-C74121C33085}.Release|Any CPU.Build.0 = Release|Any CPU
		{44DBAD0E-4ABA-4C38-8276-36B9BBF9B948}.Debug|Any CPU.ActiveCfg = Debug|Any CPU
		{44DBAD0E-4ABA-4C38-8276-36B9BBF9B948}.Debug|Any CPU.Build.0 = Debug|Any CPU
		{44DBAD0E-4ABA-4C38-8276-36B9BBF9B948}.Release|Any CPU.ActiveCfg = Release|Any CPU
		{44DBAD0E-4ABA-4C38-8276-36B9BBF9B948}.Release|Any CPU.Build.0 = Release|Any CPU
		{094363F1-8F8C-4D20-AE0E-C9947207A3E7}.Debug|Any CPU.ActiveCfg = Debug|Any CPU
		{094363F1-8F8C-4D20-AE0E-C9947207A3E7}.Debug|Any CPU.Build.0 = Debug|Any CPU
		{094363F1-8F8C-4D20-AE0E-C9947207A3E7}.Release|Any CPU.ActiveCfg = Release|Any CPU
		{094363F1-8F8C-4D20-AE0E-C9947207A3E7}.Release|Any CPU.Build.0 = Release|Any CPU
		{477A93F6-E177-4B8C-BAC9-A025BEDF2A92}.Debug|Any CPU.ActiveCfg = Debug|Any CPU
		{477A93F6-E177-4B8C-BAC9-A025BEDF2A92}.Debug|Any CPU.Build.0 = Debug|Any CPU
		{477A93F6-E177-4B8C-BAC9-A025BEDF2A92}.Release|Any CPU.ActiveCfg = Release|Any CPU
		{477A93F6-E177-4B8C-BAC9-A025BEDF2A92}.Release|Any CPU.Build.0 = Release|Any CPU
	EndGlobalSection
	GlobalSection(SolutionProperties) = preSolution
		HideSolutionNode = FALSE
	EndGlobalSection
	GlobalSection(NestedProjects) = preSolution
		{B6F5AF37-2437-4869-B812-10129F81EEDA} = {7E909E49-4E48-4147-891F-80A19533387E}
		{49CFBF89-4847-4EB4-BA4C-C2B13783951F} = {F9B89021-4F9A-482F-9FF0-FBAD67409F9F}
		{760C0AED-9CFF-4B4E-B198-D763435432AF} = {F9B89021-4F9A-482F-9FF0-FBAD67409F9F}
		{7E909E49-4E48-4147-891F-80A19533387E} = {F9B89021-4F9A-482F-9FF0-FBAD67409F9F}
		{7CA86505-A444-4C63-A02A-ACBDA01A9DD8} = {7E909E49-4E48-4147-891F-80A19533387E}
		{A949B8EA-4932-428D-88F2-DAF2BE1B7142} = {49CFBF89-4847-4EB4-BA4C-C2B13783951F}
		{4E8A2235-7DDD-44B8-BCBF-1CA8160EADBB} = {49CFBF89-4847-4EB4-BA4C-C2B13783951F}
		{1BF2D1FD-0F6D-4CC7-85BB-D28A0A7B92DE} = {760C0AED-9CFF-4B4E-B198-D763435432AF}
		{58B8AFA7-CA40-44E1-AA99-C74121C33085} = {760C0AED-9CFF-4B4E-B198-D763435432AF}
		{44DBAD0E-4ABA-4C38-8276-36B9BBF9B948} = {760C0AED-9CFF-4B4E-B198-D763435432AF}
		{094363F1-8F8C-4D20-AE0E-C9947207A3E7} = {7CA86505-A444-4C63-A02A-ACBDA01A9DD8}
		{477A93F6-E177-4B8C-BAC9-A025BEDF2A92} = {B6F5AF37-2437-4869-B812-10129F81EEDA}
	EndGlobalSection
EndGlobal
